{
  "name": "venedig",
  "lockfileVersion": 2,
  "requires": true,
  "packages": {
    "": {
      "dependencies": {
        "simplex-noise": "^4.0.0"
      }
    },
    "node_modules/simplex-noise": {
      "version": "4.0.0",
      "resolved": "https://registry.npmjs.org/simplex-noise/-/simplex-noise-4.0.0.tgz",
      "integrity": "sha512-ciRAxJnRdQhFhZ7+yZKxk8bQJoIq2J2UPO2pbzy1vcrWFq70P4hNCCmcCTkBKDCIeXZVd/yKjL8Fmh8Aeu5+6g=="
    }
  },
  "dependencies": {
    "simplex-noise": {
      "version": "4.0.0",
      "resolved": "https://registry.npmjs.org/simplex-noise/-/simplex-noise-4.0.0.tgz",
      "integrity": "sha512-ciRAxJnRdQhFhZ7+yZKxk8bQJoIq2J2UPO2pbzy1vcrWFq70P4hNCCmcCTkBKDCIeXZVd/yKjL8Fmh8Aeu5+6g=="
    }
  }
}
